// !$*UTF8*$!
{
	archiveVersion = 1;
	classes = {
	};
	objectVersion = 50;
	objects = {

/* Begin PBXBuildFile section */
		834A389223200BC800E0C767 /* AppDelegate.swift in Sources */ = {isa = PBXBuildFile; fileRef = 834A389123200BC800E0C767 /* AppDelegate.swift */; };
		834A389423200BC800E0C767 /* SceneDelegate.swift in Sources */ = {isa = PBXBuildFile; fileRef = 834A389323200BC800E0C767 /* SceneDelegate.swift */; };
		834A389623200BC800E0C767 /* ViewController.swift in Sources */ = {isa = PBXBuildFile; fileRef = 834A389523200BC800E0C767 /* ViewController.swift */; };
		834A389923200BC800E0C767 /* Main.storyboard in Resources */ = {isa = PBXBuildFile; fileRef = 834A389723200BC800E0C767 /* Main.storyboard */; };
		834A389B23200BC900E0C767 /* Assets.xcassets in Resources */ = {isa = PBXBuildFile; fileRef = 834A389A23200BC900E0C767 /* Assets.xcassets */; };
		834A389E23200BC900E0C767 /* LaunchScreen.storyboard in Resources */ = {isa = PBXBuildFile; fileRef = 834A389C23200BC900E0C767 /* LaunchScreen.storyboard */; };
		834A38A623200BE100E0C767 /* Question.swift in Sources */ = {isa = PBXBuildFile; fileRef = 834A38A523200BE100E0C767 /* Question.swift */; };
		834A38A823200C5300E0C767 /* QuizModel.swift in Sources */ = {isa = PBXBuildFile; fileRef = 834A38A723200C5300E0C767 /* QuizModel.swift */; };
		834A38AE232046EC00E0C767 /* QuestionData.json in Resources */ = {isa = PBXBuildFile; fileRef = 834A38AD232046EC00E0C767 /* QuestionData.json */; };
		834A38B023219F8200E0C767 /* ResultViewController.swift in Sources */ = {isa = PBXBuildFile; fileRef = 834A38AF23219F8200E0C767 /* ResultViewController.swift */; };
		937BE7E0249D06C6004E53C0 /* StateManager.swift in Sources */ = {isa = PBXBuildFile; fileRef = 937BE7DF249D06C6004E53C0 /* StateManager.swift */; };
/* End PBXBuildFile section */

/* Begin PBXFileReference section */
		834A388E23200BC800E0C767 /* QuizApp.app */ = {isa = PBXFileReference; explicitFileType = wrapper.application; includeInIndex = 0; path = QuizApp.app; sourceTree = BUILT_PRODUCTS_DIR; };
		834A389123200BC800E0C767 /* AppDelegate.swift */ = {isa = PBXFileReference; lastKnownFileType = sourcecode.swift; path = AppDelegate.swift; sourceTree = "<group>"; };
		834A389323200BC800E0C767 /* SceneDelegate.swift */ = {isa = PBXFileReference; lastKnownFileType = sourcecode.swift; path = SceneDelegate.swift; sourceTree = "<group>"; };
		834A389523200BC800E0C767 /* ViewController.swift */ = {isa = PBXFileReference; lastKnownFileType = sourcecode.swift; path = ViewController.swift; sourceTree = "<group>"; };
		834A389823200BC800E0C767 /* Base */ = {isa = PBXFileReference; lastKnownFileType = file.storyboard; name = Base; path = Base.lproj/Main.storyboard; sourceTree = "<group>"; };
		834A389A23200BC900E0C767 /* Assets.xcassets */ = {isa = PBXFileReference; lastKnownFileType = folder.assetcatalog; path = Assets.xcassets; sourceTree = "<group>"; };
		834A389D23200BC900E0C767 /* Base */ = {isa = PBXFileReference; lastKnownFileType = file.storyboard; name = Base; path = Base.lproj/LaunchScreen.storyboard; sourceTree = "<group>"; };
		834A389F23200BC900E0C767 /* Info.plist */ = {isa = PBXFileReference; lastKnownFileType = text.plist.xml; path = Info.plist; sourceTree = "<group>"; };
		834A38A523200BE100E0C767 /* Question.swift */ = {isa = PBXFileReference; lastKnownFileType = sourcecode.swift; path = Question.swift; sourceTree = "<group>"; };
		834A38A723200C5300E0C767 /* QuizModel.swift */ = {isa = PBXFileReference; lastKnownFileType = sourcecode.swift; path = QuizModel.swift; sourceTree = "<group>"; };
		834A38AD232046EC00E0C767 /* QuestionData.json */ = {isa = PBXFileReference; fileEncoding = 4; lastKnownFileType = text.json; path = QuestionData.json; sourceTree = "<group>"; };
		834A38AF23219F8200E0C767 /* ResultViewController.swift */ = {isa = PBXFileReference; lastKnownFileType = sourcecode.swift; path = ResultViewController.swift; sourceTree = "<group>"; };
		937BE7DF249D06C6004E53C0 /* StateManager.swift */ = {isa = PBXFileReference; lastKnownFileType = sourcecode.swift; path = StateManager.swift; sourceTree = "<group>"; };
/* End PBXFileReference section */

/* Begin PBXFrameworksBuildPhase section */
		834A388B23200BC800E0C767 /* Frameworks */ = {
			isa = PBXFrameworksBuildPhase;
			buildActionMask = 2147483647;
			files = (
			);
			runOnlyForDeploymentPostprocessing = 0;
		};
/* End PBXFrameworksBuildPhase section */

/* Begin PBXGroup section */
		834A388523200BC800E0C767 = {
			isa = PBXGroup;
			children = (
				834A389023200BC800E0C767 /* QuizApp */,
				834A388F23200BC800E0C767 /* Products */,
			);
			sourceTree = "<group>";
		};
		834A388F23200BC800E0C767 /* Products */ = {
			isa = PBXGroup;
			children = (
				834A388E23200BC800E0C767 /* QuizApp.app */,
			);
			name = Products;
			sourceTree = "<group>";
		};
		834A389023200BC800E0C767 /* QuizApp */ = {
			isa = PBXGroup;
			children = (
				834A389123200BC800E0C767 /* AppDelegate.swift */,
				834A389323200BC800E0C767 /* SceneDelegate.swift */,
				834A389523200BC800E0C767 /* ViewController.swift */,
				834A38AF23219F8200E0C767 /* ResultViewController.swift */,
				937BE7DF249D06C6004E53C0 /* StateManager.swift */,
				834A38A523200BE100E0C767 /* Question.swift */,
				834A38A723200C5300E0C767 /* QuizModel.swift */,
				834A38AD232046EC00E0C767 /* QuestionData.json */,
				834A389723200BC800E0C767 /* Main.storyboard */,
				834A389A23200BC900E0C767 /* Assets.xcassets */,
				834A389C23200BC900E0C767 /* LaunchScreen.storyboard */,
				834A389F23200BC900E0C767 /* Info.plist */,
			);
			path = QuizApp;
			sourceTree = "<group>";
		};
/* End PBXGroup section */

/* Begin PBXNativeTarget section */
		834A388D23200BC800E0C767 /* QuizApp */ = {
			isa = PBXNativeTarget;
			buildConfigurationList = 834A38A223200BC900E0C767 /* Build configuration list for PBXNativeTarget "QuizApp" */;
			buildPhases = (
				834A388A23200BC800E0C767 /* Sources */,
				834A388B23200BC800E0C767 /* Frameworks */,
				834A388C23200BC800E0C767 /* Resources */,
			);
			buildRules = (
			);
			dependencies = (
			);
			name = QuizApp;
			productName = QuizApp;
			productReference = 834A388E23200BC800E0C767 /* QuizApp.app */;
			productType = "com.apple.product-type.application";
		};
/* End PBXNativeTarget section */

/* Begin PBXProject section */
		834A388623200BC800E0C767 /* Project object */ = {
			isa = PBXProject;
			attributes = {
				LastSwiftUpdateCheck = 1100;
				LastUpgradeCheck = 1100;
				ORGANIZATIONNAME = "Christopher Ching";
				TargetAttributes = {
					834A388D23200BC800E0C767 = {
						CreatedOnToolsVersion = 11.0;
					};
				};
			};
			buildConfigurationList = 834A388923200BC800E0C767 /* Build configuration list for PBXProject "QuizApp" */;
			compatibilityVersion = "Xcode 9.3";
			developmentRegion = en;
			hasScannedForEncodings = 0;
			knownRegions = (
				en,
				Base,
			);
			mainGroup = 834A388523200BC800E0C767;
			productRefGroup = 834A388F23200BC800E0C767 /* Products */;
			projectDirPath = "";
			projectRoot = "";
			targets = (
				834A388D23200BC800E0C767 /* QuizApp */,
			);
		};
/* End PBXProject section */

/* Begin PBXResourcesBuildPhase section */
		834A388C23200BC800E0C767 /* Resources */ = {
			isa = PBXResourcesBuildPhase;
			buildActionMask = 2147483647;
			files = (
				834A389E23200BC900E0C767 /* LaunchScreen.storyboard in Resources */,
				834A389B23200BC900E0C767 /* Assets.xcassets in Resources */,
				834A389923200BC800E0C767 /* Main.storyboard in Resources */,
				834A38AE232046EC00E0C767 /* QuestionData.json in Resources */,
			);
			runOnlyForDeploymentPostprocessing = 0;
		};
/* End PBXResourcesBuildPhase section */

/* Begin PBXSourcesBuildPhase section */
		834A388A23200BC800E0C767 /* Sources */ = {
			isa = PBXSourcesBuildPhase;
			buildActionMask = 2147483647;
			files = (
				834A389623200BC800E0C767 /* ViewController.swift in Sources */,
				834A38A623200BE100E0C767 /* Question.swift in Sources */,
				834A389223200BC800E0C767 /* AppDelegate.swift in Sources */,
				937BE7E0249D06C6004E53C0 /* StateManager.swift in Sources */,
				834A389423200BC800E0C767 /* SceneDelegate.swift in Sources */,
				834A38A823200C5300E0C767 /* QuizModel.swift in Sources */,
				834A38B023219F8200E0C767 /* ResultViewController.swift in Sources */,
			);
			runOnlyForDeploymentPostprocessing = 0;
		};
/* End PBXSourcesBuildPhase section */

/* Begin PBXVariantGroup section */
		834A389723200BC800E0C767 /* Main.storyboard */ = {
			isa = PBXVariantGroup;
			children = (
				834A389823200BC800E0C767 /* Base */,
			);
			name = Main.storyboard;
			sourceTree = "<group>";
		};
		834A389C23200BC900E0C767 /* LaunchScreen.storyboard */ = {
			isa = PBXVariantGroup;
			children = (
				834A389D23200BC900E0C767 /* Base */,
			);
			name = LaunchScreen.storyboard;
			sourceTree = "<group>";
		};
/* End PBXVariantGroup section */

/* Begin XCBuildConfiguration section */
		834A38A023200BC900E0C767 /* Debug */ = {
			isa = XCBuildConfiguration;
			buildSettings = {
				ALWAYS_SEARCH_USER_PATHS = NO;
				CLANG_ANALYZER_NONNULL = YES;
				CLANG_ANALYZER_NUMBER_OBJECT_CONVERSION = YES_AGGRESSIVE;
				CLANG_CXX_LANGUAGE_STANDARD = "gnu++14";
				CLANG_CXX_LIBRARY = "libc++";
				CLANG_ENABLE_MODULES = YES;
				CLANG_ENABLE_OBJC_ARC = YES;
				CLANG_ENABLE_OBJC_WEAK = YES;
				CLANG_WARN_BLOCK_CAPTURE_AUTORELEASING = YES;
				CLANG_WARN_BOOL_CONVERSION = YES;
				CLANG_WARN_COMMA = YES;
				CLANG_WARN_CONSTANT_CONVERSION = YES;
				CLANG_WARN_DEPRECATED_OBJC_IMPLEMENTATIONS = YES;
				CLANG_WARN_DIRECT_OBJC_ISA_USAGE = YES_ERROR;
				CLANG_WARN_DOCUMENTATION_COMMENTS = YES;
				CLANG_WARN_EMPTY_BODY = YES;
				CLANG_WARN_ENUM_CONVERSION = YES;
				CLANG_WARN_INFINITE_RECURSION = YES;
				CLANG_WARN_INT_CONVERSION = YES;
				CLANG_WARN_NON_LITERAL_NULL_CONVERSION = YES;
				CLANG_WARN_OBJC_IMPLICIT_RETAIN_SELF = YES;
				CLANG_WARN_OBJC_LITERAL_CONVERSION = YES;
				CLANG_WARN_OBJC_ROOT_CLASS = YES_ERROR;
				CLANG_WARN_RANGE_LOOP_ANALYSIS = YES;
				CLANG_WARN_STRICT_PROTOTYPES = YES;
				CLANG_WARN_SUSPICIOUS_MOVE = YES;
				CLANG_WARN_UNGUARDED_AVAILABILITY = YES_AGGRESSIVE;
				CLANG_WARN_UNREACHABLE_CODE = YES;
				CLANG_WARN__DUPLICATE_METHOD_MATCH = YES;
				COPY_PHASE_STRIP = NO;
				DEBUG_INFORMATION_FORMAT = dwarf;
				ENABLE_STRICT_OBJC_MSGSEND = YES;
				ENABLE_TESTABILITY = YES;
				GCC_C_LANGUAGE_STANDARD = gnu11;
				GCC_DYNAMIC_NO_PIC = NO;
				GCC_NO_COMMON_BLOCKS = YES;
				GCC_OPTIMIZATION_LEVEL = 0;
				GCC_PREPROCESSOR_DEFINITIONS = (
					"DEBUG=1",
					"$(inherited)",
				);
				GCC_WARN_64_TO_32_BIT_CONVERSION = YES;
				GCC_WARN_ABOUT_RETURN_TYPE = YES_ERROR;
				GCC_WARN_UNDECLARED_SELECTOR = YES;
				GCC_WARN_UNINITIALIZED_AUTOS = YES_AGGRESSIVE;
				GCC_WARN_UNUSED_FUNCTION = YES;
				GCC_WARN_UNUSED_VARIABLE = YES;
				IPHONEOS_DEPLOYMENT_TARGET = 13.0;
				MTL_ENABLE_DEBUG_INFO = INCLUDE_SOURCE;
				MTL_FAST_MATH = YES;
				ONLY_ACTIVE_ARCH = YES;
				SDKROOT = iphoneos;
				SWIFT_ACTIVE_COMPILATION_CONDITIONS = DEBUG;
				SWIFT_OPTIMIZATION_LEVEL = "-Onone";
			};
			name = Debug;
		};
		834A38A123200BC900E0C767 /* Release */ = {
			isa = XCBuildConfiguration;
			buildSettings = {
				ALWAYS_SEARCH_USER_PATHS = NO;
				CLANG_ANALYZER_NONNULL = YES;
				CLANG_ANALYZER_NUMBER_OBJECT_CONVERSION = YES_AGGRESSIVE;
				CLANG_CXX_LANGUAGE_STANDARD = "gnu++14";
				CLANG_CXX_LIBRARY = "libc++";
				CLANG_ENABLE_MODULES = YES;
				CLANG_ENABLE_OBJC_ARC = YES;
				CLANG_ENABLE_OBJC_WEAK = YES;
				CLANG_WARN_BLOCK_CAPTURE_AUTORELEASING = YES;
				CLANG_WARN_BOOL_CONVERSION = YES;
				CLANG_WARN_COMMA = YES;
				CLANG_WARN_CONSTANT_CONVERSION = YES;
				CLANG_WARN_DEPRECATED_OBJC_IMPLEMENTATIONS = YES;
				CLANG_WARN_DIRECT_OBJC_ISA_USAGE = YES_ERROR;
				CLANG_WARN_DOCUMENTATION_COMMENTS = YES;
				CLANG_WARN_EMPTY_BODY = YES;
				CLANG_WARN_ENUM_CONVERSION = YES;
				CLANG_WARN_INFINITE_RECURSION = YES;
				CLANG_WARN_INT_CONVERSION = YES;
				CLANG_WARN_NON_LITERAL_NULL_CONVERSION = YES;
				CLANG_WARN_OBJC_IMPLICIT_RETAIN_SELF = YES;
				CLANG_WARN_OBJC_LITERAL_CONVERSION = YES;
				CLANG_WARN_OBJC_ROOT_CLASS = YES_ERROR;
				CLANG_WARN_RANGE_LOOP_ANALYSIS = YES;
				CLANG_WARN_STRICT_PROTOTYPES = YES;
				CLANG_WARN_SUSPICIOUS_MOVE = YES;
				CLANG_WARN_UNGUARDED_AVAILABILITY = YES_AGGRESSIVE;
				CLANG_WARN_UNREACHABLE_CODE = YES;
				CLANG_WARN__DUPLICATE_METHOD_MATCH = YES;
				COPY_PHASE_STRIP = NO;
				DEBUG_INFORMATION_FORMAT = "dwarf-with-dsym";
				ENABLE_NS_ASSERTIONS = NO;
				ENABLE_STRICT_OBJC_MSGSEND = YES;
				GCC_C_LANGUAGE_STANDARD = gnu11;
				GCC_NO_COMMON_BLOCKS = YES;
				GCC_WARN_64_TO_32_BIT_CONVERSION = YES;
				GCC_WARN_ABOUT_RETURN_TYPE = YES_ERROR;
				GCC_WARN_UNDECLARED_SELECTOR = YES;
				GCC_WARN_UNINITIALIZED_AUTOS = YES_AGGRESSIVE;
				GCC_WARN_UNUSED_FUNCTION = YES;
				GCC_WARN_UNUSED_VARIABLE = YES;
				IPHONEOS_DEPLOYMENT_TARGET = 13.0;
				MTL_ENABLE_DEBUG_INFO = NO;
				MTL_FAST_MATH = YES;
				SDKROOT = iphoneos;
				SWIFT_COMPILATION_MODE = wholemodule;
				SWIFT_OPTIMIZATION_LEVEL = "-O";
				VALIDATE_PRODUCT = YES;
			};
			name = Release;
		};
		834A38A323200BC900E0C767 /* Debug */ = {
			isa = XCBuildConfiguration;
			buildSettings = {
				ASSETCATALOG_COMPILER_APPICON_NAME = AppIcon;
				CODE_SIGN_STYLE = Automatic;
				DEVELOPMENT_TEAM = DMUGLP379U;
				INFOPLIST_FILE = QuizApp/Info.plist;
				LD_RUNPATH_SEARCH_PATHS = (
					"$(inherited)",
					"@executable_path/Frameworks",
				);
				PRODUCT_BUNDLE_IDENTIFIER = trungduc.QuizApp;
				PRODUCT_NAME = "$(TARGET_NAME)";
				SWIFT_VERSION = 5.0;
				TARGETED_DEVICE_FAMILY = "1,2";
			};
			name = Debug;
		};
		834A38A423200BC900E0C767 /* Release */ = {
			isa = XCBuildConfiguration;
			buildSettings = {
				ASSETCATALOG_COMPILER_APPICON_NAME = AppIcon;
				CODE_SIGN_STYLE = Automatic;
				DEVELOPMENT_TEAM = DMUGLP379U;
				INFOPLIST_FILE = QuizApp/Info.plist;
				LD_RUNPATH_SEARCH_PATHS = (
					"$(inherited)",
					"@executable_path/Frameworks",
				);
				PRODUCT_BUNDLE_IDENTIFIER = trungduc.QuizApp;
				PRODUCT_NAME = "$(TARGET_NAME)";
				SWIFT_VERSION = 5.0;
				TARGETED_DEVICE_FAMILY = "1,2";
			};
			name = Release;
		};
/* End XCBuildConfiguration section */

/* Begin XCConfigurationList section */
		834A388923200BC800E0C767 /* Build configuration list for PBXProject "QuizApp" */ = {
			isa = XCConfigurationList;
			buildConfigurations = (
				834A38A023200BC900E0C767 /* Debug */,
				834A38A123200BC900E0C767 /* Release */,
			);
			defaultConfigurationIsVisible = 0;
			defaultConfigurationName = Release;
		};
		834A38A223200BC900E0C767 /* Build configuration list for PBXNativeTarget "QuizApp" */ = {
			isa = XCConfigurationList;
			buildConfigurations = (
				834A38A323200BC900E0C767 /* Debug */,
				834A38A423200BC900E0C767 /* Release */,
			);
			defaultConfigurationIsVisible = 0;
			defaultConfigurationName = Release;
		};
/* End XCConfigurationList section */
	};
	rootObject = 834A388623200BC800E0C767 /* Project object */;
}
